
Microsoft Visual Studio Solution File, Format Version 12.00
# Visual Studio 15
VisualStudioVersion = 15.0.28307.168
MinimumVisualStudioVersion = 10.0.40219.1
Project("{9A19103F-16F7-4668-BE54-9A1E7A4F7556}") = "HackathonAvanadeInnovateSummit2019.Api", "HackathonAvanadeInnovateSummit2019.Api\HackathonAvanadeInnovateSummit2019.Api.csproj", "{75D62154-4F51-44D2-ADF3-D0C365A9DEAC}"
EndProject
Project("{FAE04EC0-301F-11D3-BF4B-00C04F79EFBC}") = "HackathonAvanadeInnovateSummit2019.Web", "HackathonAvanadeInnovateSummit2019.Web\HackathonAvanadeInnovateSummit2019.Web.csproj", "{B202F7C1-7E12-4341-B118-841DEA2DBFED}"
EndProject
Global
	GlobalSection(SolutionConfigurationPlatforms) = preSolution
		Debug|Any CPU = Debug|Any CPU
		Release|Any CPU = Release|Any CPU
	EndGlobalSection
	GlobalSection(ProjectConfigurationPlatforms) = postSolution
		{75D62154-4F51-44D2-ADF3-D0C365A9DEAC}.Debug|Any CPU.ActiveCfg = Debug|Any CPU
		{75D62154-4F51-44D2-ADF3-D0C365A9DEAC}.Debug|Any CPU.Build.0 = Debug|Any CPU
		{75D62154-4F51-44D2-ADF3-D0C365A9DEAC}.Release|Any CPU.ActiveCfg = Release|Any CPU
		{75D62154-4F51-44D2-ADF3-D0C365A9DEAC}.Release|Any CPU.Build.0 = Release|Any CPU
		{B202F7C1-7E12-4341-B118-841DEA2DBFED}.Debug|Any CPU.ActiveCfg = Debug|Any CPU
		{B202F7C1-7E12-4341-B118-841DEA2DBFED}.Debug|Any CPU.Build.0 = Debug|Any CPU
		{B202F7C1-7E12-4341-B118-841DEA2DBFED}.Release|Any CPU.ActiveCfg = Release|Any CPU
		{B202F7C1-7E12-4341-B118-841DEA2DBFED}.Release|Any CPU.Build.0 = Release|Any CPU
	EndGlobalSection
	GlobalSection(SolutionProperties) = preSolution
		HideSolutionNode = FALSE
	EndGlobalSection
	GlobalSection(ExtensibilityGlobals) = postSolution
		SolutionGuid = {BBB59CA3-1F12-4A49-B74B-3E194EB9B437}
	EndGlobalSection
EndGlobal
